
Microsoft Visual Studio Solution File, Format Version 12.00
# Visual Studio Version 16
VisualStudioVersion = 16.0.29728.190
MinimumVisualStudioVersion = 10.0.40219.1
Project("{FAE04EC0-301F-11D3-BF4B-00C04F79EFBC}") = "YCalculator", "YCalculator\YCalculator.csproj", "{CE97A87E-DAB9-46DA-9B70-5A4F133F2F23}"
EndProject
Global
	GlobalSection(SolutionConfigurationPlatforms) = preSolution
		Debug|Any CPU = Debug|Any CPU
		Release|Any CPU = Release|Any CPU
	EndGlobalSection
	GlobalSection(ProjectConfigurationPlatforms) = postSolution
		{CE97A87E-DAB9-46DA-9B70-5A4F133F2F23}.Debug|Any CPU.ActiveCfg = Debug|Any CPU
		{CE97A87E-DAB9-46DA-9B70-5A4F133F2F23}.Debug|Any CPU.Build.0 = Debug|Any CPU
		{CE97A87E-DAB9-46DA-9B70-5A4F133F2F23}.Release|Any CPU.ActiveCfg = Release|Any CPU
		{CE97A87E-DAB9-46DA-9B70-5A4F133F2F23}.Release|Any CPU.Build.0 = Release|Any CPU
	EndGlobalSection
	GlobalSection(SolutionProperties) = preSolution
		HideSolutionNode = FALSE
	EndGlobalSection
	GlobalSection(ExtensibilityGlobals) = postSolution
		SolutionGuid = {705B19CE-47FE-42CE-BC76-EC1A6136C703}
	EndGlobalSection
EndGlobal
